
Microsoft Visual Studio Solution File, Format Version 12.00
# Visual Studio Version 16
VisualStudioVersion = 16.0.31829.152
MinimumVisualStudioVersion = 10.0.40219.1
Project("{FAE04EC0-301F-11D3-BF4B-00C04F79EFBC}") = "Praktikopgave 1", "Praktikopgave 1\Praktikopgave 1.csproj", "{D3EC5E54-44E5-453B-A14B-146AB90C6877}"
EndProject
Global
	GlobalSection(SolutionConfigurationPlatforms) = preSolution
		Debug|Any CPU = Debug|Any CPU
		Release|Any CPU = Release|Any CPU
	EndGlobalSection
	GlobalSection(ProjectConfigurationPlatforms) = postSolution
		{D3EC5E54-44E5-453B-A14B-146AB90C6877}.Debug|Any CPU.ActiveCfg = Debug|Any CPU
		{D3EC5E54-44E5-453B-A14B-146AB90C6877}.Debug|Any CPU.Build.0 = Debug|Any CPU
		{D3EC5E54-44E5-453B-A14B-146AB90C6877}.Release|Any CPU.ActiveCfg = Release|Any CPU
		{D3EC5E54-44E5-453B-A14B-146AB90C6877}.Release|Any CPU.Build.0 = Release|Any CPU
	EndGlobalSection
	GlobalSection(SolutionProperties) = preSolution
		HideSolutionNode = FALSE
	EndGlobalSection
	GlobalSection(ExtensibilityGlobals) = postSolution
		SolutionGuid = {08D4C4F7-B473-4553-BEB5-67C8743AFC16}
	EndGlobalSection
EndGlobal
